
Microsoft Visual Studio Solution File, Format Version 12.00
# Visual Studio Version 17
VisualStudioVersion = 17.4.33110.190
MinimumVisualStudioVersion = 10.0.40219.1
Project("{FAE04EC0-301F-11D3-BF4B-00C04F79EFBC}") = "AoC19", "AoC19.csproj", "{2417725F-E6CE-4914-9BF0-E97DADE34284}"
EndProject
Global
	GlobalSection(SolutionConfigurationPlatforms) = preSolution
		Debug|Any CPU = Debug|Any CPU
		Release|Any CPU = Release|Any CPU
	EndGlobalSection
	GlobalSection(ProjectConfigurationPlatforms) = postSolution
		{2417725F-E6CE-4914-9BF0-E97DADE34284}.Debug|Any CPU.ActiveCfg = Debug|Any CPU
		{2417725F-E6CE-4914-9BF0-E97DADE34284}.Debug|Any CPU.Build.0 = Debug|Any CPU
		{2417725F-E6CE-4914-9BF0-E97DADE34284}.Release|Any CPU.ActiveCfg = Release|Any CPU
		{2417725F-E6CE-4914-9BF0-E97DADE34284}.Release|Any CPU.Build.0 = Release|Any CPU
	EndGlobalSection
	GlobalSection(SolutionProperties) = preSolution
		HideSolutionNode = FALSE
	EndGlobalSection
	GlobalSection(ExtensibilityGlobals) = postSolution
		SolutionGuid = {041717A9-A75B-4F46-9115-B63EC9E9C747}
	EndGlobalSection
EndGlobal
